Microsoft Visual Studio Solution File, Format Version 12.00
# Visual Studio Version 17
VisualStudioVersion = 17.5.2.0
MinimumVisualStudioVersion = 10.0.40219.1
Project("{2150E333-8FDC-42A3-9474-1A3956D46DE8}") = "practicas", "practicas", "{C6E6E96D-11B4-1835-726D-999569F48707}"
EndProject
Project("{FAE04EC0-301F-11D3-BF4B-00C04F79EFBC}") = "p1-conversor", "practicas\p1-conversor\p1-conversor.csproj", "{DACE81CB-1683-3438-5B7D-0798EB301086}"
EndProject
Global
	GlobalSection(SolutionConfigurationPlatforms) = preSolution
		Debug|Any CPU = Debug|Any CPU
		Release|Any CPU = Release|Any CPU
	EndGlobalSection
	GlobalSection(ProjectConfigurationPlatforms) = postSolution
		{DACE81CB-1683-3438-5B7D-0798EB301086}.Debug|Any CPU.ActiveCfg = Debug|Any CPU
		{DACE81CB-1683-3438-5B7D-0798EB301086}.Debug|Any CPU.Build.0 = Debug|Any CPU
		{DACE81CB-1683-3438-5B7D-0798EB301086}.Release|Any CPU.ActiveCfg = Release|Any CPU
		{DACE81CB-1683-3438-5B7D-0798EB301086}.Release|Any CPU.Build.0 = Release|Any CPU
	EndGlobalSection
	GlobalSection(SolutionProperties) = preSolution
		HideSolutionNode = FALSE
	EndGlobalSection
	GlobalSection(NestedProjects) = preSolution
		{DACE81CB-1683-3438-5B7D-0798EB301086} = {C6E6E96D-11B4-1835-726D-999569F48707}
	EndGlobalSection
	GlobalSection(ExtensibilityGlobals) = postSolution
		SolutionGuid = {BF48C1D9-2988-4C3A-A404-5A5E2207832C}
	EndGlobalSection
EndGlobal
